
Microsoft Visual Studio Solution File, Format Version 12.00
# Visual Studio Version 17
VisualStudioVersion = 17.9.34607.119
MinimumVisualStudioVersion = 10.0.40219.1
Project("{FAE04EC0-301F-11D3-BF4B-00C04F79EFBC}") = "Week9Lists", "Week9Lists\Week9Lists.csproj", "{03875D1B-0537-4EC8-9E7E-7932EC0336AB}"
EndProject
Global
	GlobalSection(SolutionConfigurationPlatforms) = preSolution
		Debug|Any CPU = Debug|Any CPU
		Release|Any CPU = Release|Any CPU
	EndGlobalSection
	GlobalSection(ProjectConfigurationPlatforms) = postSolution
		{03875D1B-0537-4EC8-9E7E-7932EC0336AB}.Debug|Any CPU.ActiveCfg = Debug|Any CPU
		{03875D1B-0537-4EC8-9E7E-7932EC0336AB}.Debug|Any CPU.Build.0 = Debug|Any CPU
		{03875D1B-0537-4EC8-9E7E-7932EC0336AB}.Release|Any CPU.ActiveCfg = Release|Any CPU
		{03875D1B-0537-4EC8-9E7E-7932EC0336AB}.Release|Any CPU.Build.0 = Release|Any CPU
	EndGlobalSection
	GlobalSection(SolutionProperties) = preSolution
		HideSolutionNode = FALSE
	EndGlobalSection
	GlobalSection(ExtensibilityGlobals) = postSolution
		SolutionGuid = {FE9DD62D-7886-4730-918B-B5C4392DD6E3}
	EndGlobalSection
EndGlobal
